# THIS IS AN AUTOGENERATED FILE. DO NOT EDIT THIS FILE DIRECTLY.
# yarn lockfile v1


csv-parse@^5.5.3:
  version "5.5.3"
  resolved "https://registry.yarnpkg.com/csv-parse/-/csv-parse-5.5.3.tgz#0261050761ee46cd0e46421854bf9bf4de1317bf"
  integrity sha512-v0KW6C0qlZzoGjk6u5tLmVfyZxNgPGXZsWTXshpAgKVGmGXzaVWGdlCFxNx5iuzcXT/oJN1HHM9DZKwtAtYa+A==
